
Microsoft Visual Studio Solution File, Format Version 12.00
# Visual Studio Version 17
VisualStudioVersion = 17.14.36202.13
MinimumVisualStudioVersion = 10.0.40219.1
Project("{FAE04EC0-301F-11D3-BF4B-00C04F79EFBC}") = "01_HelloWorld", "HelloWorld\01_HelloWorld.csproj", "{91F8FBA7-7DC8-4C75-975E-3ED239176783}"
EndProject
Project("{FAE04EC0-301F-11D3-BF4B-00C04F79EFBC}") = "02_Varibalen", "02_Varibalen\02_Varibalen.csproj", "{929DC827-B9CA-4BD9-8F21-A75107676CD8}"
EndProject
Project("{FAE04EC0-301F-11D3-BF4B-00C04F79EFBC}") = "03_UserInteraction", "03_UserInteraction\03_UserInteraction.csproj", "{A22CF310-1DCD-496F-883A-8927A33E1D49}"
EndProject
Project("{FAE04EC0-301F-11D3-BF4B-00C04F79EFBC}") = "04_Casting_und_Umwandlung", "04_Casting_und_Umwandlung\04_Casting_und_Umwandlung.csproj", "{16E03A36-6141-4220-A268-05248B9D21CD}"
EndProject
Project("{2150E333-8FDC-42A3-9474-1A3956D46DE8}") = "RandNotizen", "RandNotizen", "{02EA681E-C7D8-13C7-8484-4AC65E1B71E8}"
EndProject
Project("{FAE04EC0-301F-11D3-BF4B-00C04F79EFBC}") = "04_Casting_Notes", "04_Casting_Notes\04_Casting_Notes.csproj", "{94720F82-6786-42E0-83E2-337F6BF6D39E}"
EndProject
Project("{FAE04EC0-301F-11D3-BF4B-00C04F79EFBC}") = "05_Verzweigungen", "05_Verzweigungen\05_Verzweigungen.csproj", "{72FC5A06-632D-416C-95C2-16477081FC1A}"
EndProject
Project("{FAE04EC0-301F-11D3-BF4B-00C04F79EFBC}") = "05_Verzweigungen_Aufgaben", "05_Verzweigungen_Aufgaben\05_Verzweigungen_Aufgaben.csproj", "{0ACD18B5-9375-43B8-9841-743B1D93D6A8}"
EndProject
Project("{FAE04EC0-301F-11D3-BF4B-00C04F79EFBC}") = "05_Verzweigungen_Nr2", "05_Verzweigungen_Nr2\05_Verzweigungen_Nr2.csproj", "{09E4CF9B-3DEE-46FA-8493-8B25EC279239}"
EndProject
Project("{FAE04EC0-301F-11D3-BF4B-00C04F79EFBC}") = "TypDetektiv", "TypDeteltiv\TypDetektiv.csproj", "{B83CC5C4-2977-2470-D4D0-0CDA607EDF0A}"
EndProject
Project("{FAE04EC0-301F-11D3-BF4B-00C04F79EFBC}") = "05_Promillerechner", "Promillerechner\05_Promillerechner.csproj", "{B9A99EDD-1720-A578-6198-9DB2B4AD42B8}"
EndProject
Project("{FAE04EC0-301F-11D3-BF4B-00C04F79EFBC}") = "05_Aufgabe Wetterapp", "Aufgabe Wetterapp\05_Aufgabe Wetterapp.csproj", "{2E31766B-F178-4A2B-B2CF-4DCC7F3ED230}"
EndProject
Project("{FAE04EC0-301F-11D3-BF4B-00C04F79EFBC}") = "07_Taschenrechner Aufgabe while schleife", "Taschenrechner Aufgabe\07_Taschenrechner Aufgabe while schleife.csproj", "{83CD19FC-89FA-4CD1-B0E3-98A4A5DDD6AE}"
EndProject
Project("{FAE04EC0-301F-11D3-BF4B-00C04F79EFBC}") = "08_Switch", "Projekt (Jochen)\08_Switch.csproj", "{5266EDA6-170A-4F15-87C4-EFD393205EF8}"
EndProject
Project("{FAE04EC0-301F-11D3-BF4B-00C04F79EFBC}") = "06_For Schleife", "Der Digital Kellner\06_For Schleife.csproj", "{3EC0A6F3-6D3C-4B4C-9994-37FB9BA77317}"
EndProject
Project("{FAE04EC0-301F-11D3-BF4B-00C04F79EFBC}") = "07_While-Schleife", "07_While-Schleife\07_While-Schleife.csproj", "{9F4A96A9-7E52-423B-BC50-70D4930A2DB2}"
EndProject
Project("{FAE04EC0-301F-11D3-BF4B-00C04F79EFBC}") = "07_Getränkeautomat", "Getränkeautomat\07_Getränkeautomat.csproj", "{06CA3508-B760-4298-9F18-182A5C7503AC}"
EndProject
Project("{FAE04EC0-301F-11D3-BF4B-00C04F79EFBC}") = "06_For-Schleife Sparschwein", "For-Schleife Sparschwein\06_For-Schleife Sparschwein.csproj", "{A2D48C48-9587-48CF-BC87-BED6E772B5B7}"
EndProject
Project("{FAE04EC0-301F-11D3-BF4B-00C04F79EFBC}") = "EinfacheÜbungen", "Taschenrechner\EinfacheÜbungen.csproj", "{1E65E17C-EAAD-490A-821F-8C798D5084E9}"
EndProject
Project("{FAE04EC0-301F-11D3-BF4B-00C04F79EFBC}") = "Lotto Aufgabe", "Arrays\Lotto Aufgabe.csproj", "{6E372002-60D1-4A8F-803E-770212A89CA1}"
EndProject
Project("{FAE04EC0-301F-11D3-BF4B-00C04F79EFBC}") = "Jahreszahl Aufgabe", "Jahreszahl Aufgabe\Jahreszahl Aufgabe.csproj", "{D1811863-F66F-477D-B996-2BEA38021874}"
EndProject
Project("{2150E333-8FDC-42A3-9474-1A3956D46DE8}") = "Aufgaben", "Aufgaben", "{6CFBFFFA-E88B-4548-9FCA-ED3824191F7D}"
EndProject
Project("{2150E333-8FDC-42A3-9474-1A3956D46DE8}") = "Eigene Übungen", "Eigene Übungen", "{F4C44C25-324D-4640-8E6B-2F77002F9190}"
EndProject
Project("{FAE04EC0-301F-11D3-BF4B-00C04F79EFBC}") = "10_Datum_und_Uhrzeit", "09_Arrays\10_Datum_und_Uhrzeit.csproj", "{6ED3C20F-4FDB-4001-9D74-624359152733}"
EndProject
Project("{FAE04EC0-301F-11D3-BF4B-00C04F79EFBC}") = "09_Arrays korrekt", "09_Arrays korrekt\09_Arrays korrekt.csproj", "{712AEE36-140D-4BC1-9A26-AAE967A0A76F}"
EndProject
Project("{FAE04EC0-301F-11D3-BF4B-00C04F79EFBC}") = "11_Typkonvertierung", "Typkonvertierung\11_Typkonvertierung.csproj", "{006395EA-A80F-4E55-B21E-96CC04CE72D3}"
EndProject
Project("{FAE04EC0-301F-11D3-BF4B-00C04F79EFBC}") = "12_Zufallszahlen", "12_Zufallszahlen\12_Zufallszahlen.csproj", "{209FD2EC-25A8-404B-B6F8-3150312E58DA}"
EndProject
Project("{FAE04EC0-301F-11D3-BF4B-00C04F79EFBC}") = "13_Zufallszahlen", "13_Zufallszahlen\13_Zufallszahlen.csproj", "{202FFE8F-7FAD-48E5-9981-DBFF4A91991D}"
EndProject
Global
	GlobalSection(SolutionConfigurationPlatforms) = preSolution
		Debug|Any CPU = Debug|Any CPU
		Release|Any CPU = Release|Any CPU
	EndGlobalSection
	GlobalSection(ProjectConfigurationPlatforms) = postSolution
		{91F8FBA7-7DC8-4C75-975E-3ED239176783}.Debug|Any CPU.ActiveCfg = Debug|Any CPU
		{91F8FBA7-7DC8-4C75-975E-3ED239176783}.Debug|Any CPU.Build.0 = Debug|Any CPU
		{91F8FBA7-7DC8-4C75-975E-3ED239176783}.Release|Any CPU.ActiveCfg = Release|Any CPU
		{91F8FBA7-7DC8-4C75-975E-3ED239176783}.Release|Any CPU.Build.0 = Release|Any CPU
		{929DC827-B9CA-4BD9-8F21-A75107676CD8}.Debug|Any CPU.ActiveCfg = Debug|Any CPU
		{929DC827-B9CA-4BD9-8F21-A75107676CD8}.Debug|Any CPU.Build.0 = Debug|Any CPU
		{929DC827-B9CA-4BD9-8F21-A75107676CD8}.Release|Any CPU.ActiveCfg = Release|Any CPU
		{929DC827-B9CA-4BD9-8F21-A75107676CD8}.Release|Any CPU.Build.0 = Release|Any CPU
		{A22CF310-1DCD-496F-883A-8927A33E1D49}.Debug|Any CPU.ActiveCfg = Debug|Any CPU
		{A22CF310-1DCD-496F-883A-8927A33E1D49}.Debug|Any CPU.Build.0 = Debug|Any CPU
		{A22CF310-1DCD-496F-883A-8927A33E1D49}.Release|Any CPU.ActiveCfg = Release|Any CPU
		{A22CF310-1DCD-496F-883A-8927A33E1D49}.Release|Any CPU.Build.0 = Release|Any CPU
		{16E03A36-6141-4220-A268-05248B9D21CD}.Debug|Any CPU.ActiveCfg = Debug|Any CPU
		{16E03A36-6141-4220-A268-05248B9D21CD}.Debug|Any CPU.Build.0 = Debug|Any CPU
		{16E03A36-6141-4220-A268-05248B9D21CD}.Release|Any CPU.ActiveCfg = Release|Any CPU
		{16E03A36-6141-4220-A268-05248B9D21CD}.Release|Any CPU.Build.0 = Release|Any CPU
		{94720F82-6786-42E0-83E2-337F6BF6D39E}.Debug|Any CPU.ActiveCfg = Debug|Any CPU
		{94720F82-6786-42E0-83E2-337F6BF6D39E}.Debug|Any CPU.Build.0 = Debug|Any CPU
		{94720F82-6786-42E0-83E2-337F6BF6D39E}.Release|Any CPU.ActiveCfg = Release|Any CPU
		{94720F82-6786-42E0-83E2-337F6BF6D39E}.Release|Any CPU.Build.0 = Release|Any CPU
		{72FC5A06-632D-416C-95C2-16477081FC1A}.Debug|Any CPU.ActiveCfg = Debug|Any CPU
		{72FC5A06-632D-416C-95C2-16477081FC1A}.Debug|Any CPU.Build.0 = Debug|Any CPU
		{72FC5A06-632D-416C-95C2-16477081FC1A}.Release|Any CPU.ActiveCfg = Release|Any CPU
		{72FC5A06-632D-416C-95C2-16477081FC1A}.Release|Any CPU.Build.0 = Release|Any CPU
		{0ACD18B5-9375-43B8-9841-743B1D93D6A8}.Debug|Any CPU.ActiveCfg = Debug|Any CPU
		{0ACD18B5-9375-43B8-9841-743B1D93D6A8}.Debug|Any CPU.Build.0 = Debug|Any CPU
		{0ACD18B5-9375-43B8-9841-743B1D93D6A8}.Release|Any CPU.ActiveCfg = Release|Any CPU
		{0ACD18B5-9375-43B8-9841-743B1D93D6A8}.Release|Any CPU.Build.0 = Release|Any CPU
		{09E4CF9B-3DEE-46FA-8493-8B25EC279239}.Debug|Any CPU.ActiveCfg = Debug|Any CPU
		{09E4CF9B-3DEE-46FA-8493-8B25EC279239}.Debug|Any CPU.Build.0 = Debug|Any CPU
		{09E4CF9B-3DEE-46FA-8493-8B25EC279239}.Release|Any CPU.ActiveCfg = Release|Any CPU
		{09E4CF9B-3DEE-46FA-8493-8B25EC279239}.Release|Any CPU.Build.0 = Release|Any CPU
		{B83CC5C4-2977-2470-D4D0-0CDA607EDF0A}.Debug|Any CPU.ActiveCfg = Debug|Any CPU
		{B83CC5C4-2977-2470-D4D0-0CDA607EDF0A}.Debug|Any CPU.Build.0 = Debug|Any CPU
		{B83CC5C4-2977-2470-D4D0-0CDA607EDF0A}.Release|Any CPU.ActiveCfg = Release|Any CPU
		{B83CC5C4-2977-2470-D4D0-0CDA607EDF0A}.Release|Any CPU.Build.0 = Release|Any CPU
		{B9A99EDD-1720-A578-6198-9DB2B4AD42B8}.Debug|Any CPU.ActiveCfg = Debug|Any CPU
		{B9A99EDD-1720-A578-6198-9DB2B4AD42B8}.Debug|Any CPU.Build.0 = Debug|Any CPU
		{B9A99EDD-1720-A578-6198-9DB2B4AD42B8}.Release|Any CPU.ActiveCfg = Release|Any CPU
		{B9A99EDD-1720-A578-6198-9DB2B4AD42B8}.Release|Any CPU.Build.0 = Release|Any CPU
		{2E31766B-F178-4A2B-B2CF-4DCC7F3ED230}.Debug|Any CPU.ActiveCfg = Debug|Any CPU
		{2E31766B-F178-4A2B-B2CF-4DCC7F3ED230}.Debug|Any CPU.Build.0 = Debug|Any CPU
		{2E31766B-F178-4A2B-B2CF-4DCC7F3ED230}.Release|Any CPU.ActiveCfg = Release|Any CPU
		{2E31766B-F178-4A2B-B2CF-4DCC7F3ED230}.Release|Any CPU.Build.0 = Release|Any CPU
		{83CD19FC-89FA-4CD1-B0E3-98A4A5DDD6AE}.Debug|Any CPU.ActiveCfg = Debug|Any CPU
		{83CD19FC-89FA-4CD1-B0E3-98A4A5DDD6AE}.Debug|Any CPU.Build.0 = Debug|Any CPU
		{83CD19FC-89FA-4CD1-B0E3-98A4A5DDD6AE}.Release|Any CPU.ActiveCfg = Release|Any CPU
		{83CD19FC-89FA-4CD1-B0E3-98A4A5DDD6AE}.Release|Any CPU.Build.0 = Release|Any CPU
		{5266EDA6-170A-4F15-87C4-EFD393205EF8}.Debug|Any CPU.ActiveCfg = Debug|Any CPU
		{5266EDA6-170A-4F15-87C4-EFD393205EF8}.Debug|Any CPU.Build.0 = Debug|Any CPU
		{5266EDA6-170A-4F15-87C4-EFD393205EF8}.Release|Any CPU.ActiveCfg = Release|Any CPU
		{5266EDA6-170A-4F15-87C4-EFD393205EF8}.Release|Any CPU.Build.0 = Release|Any CPU
		{3EC0A6F3-6D3C-4B4C-9994-37FB9BA77317}.Debug|Any CPU.ActiveCfg = Debug|Any CPU
		{3EC0A6F3-6D3C-4B4C-9994-37FB9BA77317}.Debug|Any CPU.Build.0 = Debug|Any CPU
		{3EC0A6F3-6D3C-4B4C-9994-37FB9BA77317}.Release|Any CPU.ActiveCfg = Release|Any CPU
		{3EC0A6F3-6D3C-4B4C-9994-37FB9BA77317}.Release|Any CPU.Build.0 = Release|Any CPU
		{9F4A96A9-7E52-423B-BC50-70D4930A2DB2}.Debug|Any CPU.ActiveCfg = Debug|Any CPU
		{9F4A96A9-7E52-423B-BC50-70D4930A2DB2}.Debug|Any CPU.Build.0 = Debug|Any CPU
		{9F4A96A9-7E52-423B-BC50-70D4930A2DB2}.Release|Any CPU.ActiveCfg = Release|Any CPU
		{9F4A96A9-7E52-423B-BC50-70D4930A2DB2}.Release|Any CPU.Build.0 = Release|Any CPU
		{06CA3508-B760-4298-9F18-182A5C7503AC}.Debug|Any CPU.ActiveCfg = Debug|Any CPU
		{06CA3508-B760-4298-9F18-182A5C7503AC}.Debug|Any CPU.Build.0 = Debug|Any CPU
		{06CA3508-B760-4298-9F18-182A5C7503AC}.Release|Any CPU.ActiveCfg = Release|Any CPU
		{06CA3508-B760-4298-9F18-182A5C7503AC}.Release|Any CPU.Build.0 = Release|Any CPU
		{A2D48C48-9587-48CF-BC87-BED6E772B5B7}.Debug|Any CPU.ActiveCfg = Debug|Any CPU
		{A2D48C48-9587-48CF-BC87-BED6E772B5B7}.Debug|Any CPU.Build.0 = Debug|Any CPU
		{A2D48C48-9587-48CF-BC87-BED6E772B5B7}.Release|Any CPU.ActiveCfg = Release|Any CPU
		{A2D48C48-9587-48CF-BC87-BED6E772B5B7}.Release|Any CPU.Build.0 = Release|Any CPU
		{1E65E17C-EAAD-490A-821F-8C798D5084E9}.Debug|Any CPU.ActiveCfg = Debug|Any CPU
		{1E65E17C-EAAD-490A-821F-8C798D5084E9}.Debug|Any CPU.Build.0 = Debug|Any CPU
		{1E65E17C-EAAD-490A-821F-8C798D5084E9}.Release|Any CPU.ActiveCfg = Release|Any CPU
		{1E65E17C-EAAD-490A-821F-8C798D5084E9}.Release|Any CPU.Build.0 = Release|Any CPU
		{6E372002-60D1-4A8F-803E-770212A89CA1}.Debug|Any CPU.ActiveCfg = Debug|Any CPU
		{6E372002-60D1-4A8F-803E-770212A89CA1}.Debug|Any CPU.Build.0 = Debug|Any CPU
		{6E372002-60D1-4A8F-803E-770212A89CA1}.Release|Any CPU.ActiveCfg = Release|Any CPU
		{6E372002-60D1-4A8F-803E-770212A89CA1}.Release|Any CPU.Build.0 = Release|Any CPU
		{D1811863-F66F-477D-B996-2BEA38021874}.Debug|Any CPU.ActiveCfg = Debug|Any CPU
		{D1811863-F66F-477D-B996-2BEA38021874}.Debug|Any CPU.Build.0 = Debug|Any CPU
		{D1811863-F66F-477D-B996-2BEA38021874}.Release|Any CPU.ActiveCfg = Release|Any CPU
		{D1811863-F66F-477D-B996-2BEA38021874}.Release|Any CPU.Build.0 = Release|Any CPU
		{6ED3C20F-4FDB-4001-9D74-624359152733}.Debug|Any CPU.ActiveCfg = Debug|Any CPU
		{6ED3C20F-4FDB-4001-9D74-624359152733}.Debug|Any CPU.Build.0 = Debug|Any CPU
		{6ED3C20F-4FDB-4001-9D74-624359152733}.Release|Any CPU.ActiveCfg = Release|Any CPU
		{6ED3C20F-4FDB-4001-9D74-624359152733}.Release|Any CPU.Build.0 = Release|Any CPU
		{712AEE36-140D-4BC1-9A26-AAE967A0A76F}.Debug|Any CPU.ActiveCfg = Debug|Any CPU
		{712AEE36-140D-4BC1-9A26-AAE967A0A76F}.Debug|Any CPU.Build.0 = Debug|Any CPU
		{712AEE36-140D-4BC1-9A26-AAE967A0A76F}.Release|Any CPU.ActiveCfg = Release|Any CPU
		{712AEE36-140D-4BC1-9A26-AAE967A0A76F}.Release|Any CPU.Build.0 = Release|Any CPU
		{006395EA-A80F-4E55-B21E-96CC04CE72D3}.Debug|Any CPU.ActiveCfg = Debug|Any CPU
		{006395EA-A80F-4E55-B21E-96CC04CE72D3}.Debug|Any CPU.Build.0 = Debug|Any CPU
		{006395EA-A80F-4E55-B21E-96CC04CE72D3}.Release|Any CPU.ActiveCfg = Release|Any CPU
		{006395EA-A80F-4E55-B21E-96CC04CE72D3}.Release|Any CPU.Build.0 = Release|Any CPU
		{209FD2EC-25A8-404B-B6F8-3150312E58DA}.Debug|Any CPU.ActiveCfg = Debug|Any CPU
		{209FD2EC-25A8-404B-B6F8-3150312E58DA}.Debug|Any CPU.Build.0 = Debug|Any CPU
		{209FD2EC-25A8-404B-B6F8-3150312E58DA}.Release|Any CPU.ActiveCfg = Release|Any CPU
		{209FD2EC-25A8-404B-B6F8-3150312E58DA}.Release|Any CPU.Build.0 = Release|Any CPU
		{202FFE8F-7FAD-48E5-9981-DBFF4A91991D}.Debug|Any CPU.ActiveCfg = Debug|Any CPU
		{202FFE8F-7FAD-48E5-9981-DBFF4A91991D}.Debug|Any CPU.Build.0 = Debug|Any CPU
		{202FFE8F-7FAD-48E5-9981-DBFF4A91991D}.Release|Any CPU.ActiveCfg = Release|Any CPU
		{202FFE8F-7FAD-48E5-9981-DBFF4A91991D}.Release|Any CPU.Build.0 = Release|Any CPU
	EndGlobalSection
	GlobalSection(SolutionProperties) = preSolution
		HideSolutionNode = FALSE
	EndGlobalSection
	GlobalSection(NestedProjects) = preSolution
		{94720F82-6786-42E0-83E2-337F6BF6D39E} = {02EA681E-C7D8-13C7-8484-4AC65E1B71E8}
		{0ACD18B5-9375-43B8-9841-743B1D93D6A8} = {6CFBFFFA-E88B-4548-9FCA-ED3824191F7D}
		{B83CC5C4-2977-2470-D4D0-0CDA607EDF0A} = {6CFBFFFA-E88B-4548-9FCA-ED3824191F7D}
		{B9A99EDD-1720-A578-6198-9DB2B4AD42B8} = {6CFBFFFA-E88B-4548-9FCA-ED3824191F7D}
		{2E31766B-F178-4A2B-B2CF-4DCC7F3ED230} = {6CFBFFFA-E88B-4548-9FCA-ED3824191F7D}
		{83CD19FC-89FA-4CD1-B0E3-98A4A5DDD6AE} = {6CFBFFFA-E88B-4548-9FCA-ED3824191F7D}
		{06CA3508-B760-4298-9F18-182A5C7503AC} = {6CFBFFFA-E88B-4548-9FCA-ED3824191F7D}
		{A2D48C48-9587-48CF-BC87-BED6E772B5B7} = {6CFBFFFA-E88B-4548-9FCA-ED3824191F7D}
		{1E65E17C-EAAD-490A-821F-8C798D5084E9} = {F4C44C25-324D-4640-8E6B-2F77002F9190}
		{6E372002-60D1-4A8F-803E-770212A89CA1} = {6CFBFFFA-E88B-4548-9FCA-ED3824191F7D}
		{D1811863-F66F-477D-B996-2BEA38021874} = {6CFBFFFA-E88B-4548-9FCA-ED3824191F7D}
	EndGlobalSection
	GlobalSection(ExtensibilityGlobals) = postSolution
		SolutionGuid = {96C53AE3-17A0-460F-A7D1-99CD63815F6C}
	EndGlobalSection
EndGlobal
